// !$*UTF8*$!
{
	archiveVersion = 1;
	classes = {
	};
	objectVersion = 50;
	objects = {

/* Begin PBXBuildFile section */
		62051F0122974DDF00356F10 /* Adapter.swift in Sources */ = {isa = PBXBuildFile; fileRef = 62051F0022974DDF00356F10 /* Adapter.swift */; };
		6215987A2280F2200027AAC6 /* AppDelegate.swift in Sources */ = {isa = PBXBuildFile; fileRef = 621598792280F2200027AAC6 /* AppDelegate.swift */; };
		6215987C2280F2200027AAC6 /* ViewController.swift in Sources */ = {isa = PBXBuildFile; fileRef = 6215987B2280F2200027AAC6 /* ViewController.swift */; };
		6215987E2280F2210027AAC6 /* Assets.xcassets in Resources */ = {isa = PBXBuildFile; fileRef = 6215987D2280F2210027AAC6 /* Assets.xcassets */; };
		621598812280F2210027AAC6 /* Main.storyboard in Resources */ = {isa = PBXBuildFile; fileRef = 6215987F2280F2210027AAC6 /* Main.storyboard */; };
		625368222299F8260033B5FE /* FileManager+Directory.swift in Sources */ = {isa = PBXBuildFile; fileRef = 625368212299F8260033B5FE /* FileManager+Directory.swift */; };
		625368272299FE730033B5FE /* Polly+Language.swift in Sources */ = {isa = PBXBuildFile; fileRef = 625368262299FE730033B5FE /* Polly+Language.swift */; };
		625368292299FE8A0033B5FE /* Polly+Voice.swift in Sources */ = {isa = PBXBuildFile; fileRef = 625368282299FE8A0033B5FE /* Polly+Voice.swift */; };
		6253682B2299FE970033B5FE /* Polly+Gender.swift in Sources */ = {isa = PBXBuildFile; fileRef = 6253682A2299FE970033B5FE /* Polly+Gender.swift */; };
		6253682D2299FEAA0033B5FE /* Polly+Output.swift in Sources */ = {isa = PBXBuildFile; fileRef = 6253682C2299FEAA0033B5FE /* Polly+Output.swift */; };
		6253682F2299FEC70033B5FE /* Polly+Synthesize.swift in Sources */ = {isa = PBXBuildFile; fileRef = 6253682E2299FEC70033B5FE /* Polly+Synthesize.swift */; };
		625368312299FEEB0033B5FE /* Polly+Task.swift in Sources */ = {isa = PBXBuildFile; fileRef = 625368302299FEEB0033B5FE /* Polly+Task.swift */; };
		62536834229A01C80033B5FE /* DateFormatter+iso8601Formatter.swift in Sources */ = {isa = PBXBuildFile; fileRef = 62536833229A01C80033B5FE /* DateFormatter+iso8601Formatter.swift */; };
		62536836229A058D0033B5FE /* Roborock.swift in Sources */ = {isa = PBXBuildFile; fileRef = 62536835229A058D0033B5FE /* Roborock.swift */; };
		62536838229A06040033B5FE /* Environment.swift in Sources */ = {isa = PBXBuildFile; fileRef = 62536837229A06040033B5FE /* Environment.swift */; };
		6253683E229A06640033B5FE /* KeyRepresentable.swift in Sources */ = {isa = PBXBuildFile; fileRef = 6253683D229A06640033B5FE /* KeyRepresentable.swift */; };
		62536841229A069C0033B5FE /* BundleProperty.swift in Sources */ = {isa = PBXBuildFile; fileRef = 62536840229A069C0033B5FE /* BundleProperty.swift */; };
		62536843229A06D20033B5FE /* KeyStorable.swift in Sources */ = {isa = PBXBuildFile; fileRef = 62536842229A06D20033B5FE /* KeyStorable.swift */; };
		62E2452D2280FDDC001BD7F7 /* Polly.swift in Sources */ = {isa = PBXBuildFile; fileRef = 62E2452C2280FDDC001BD7F7 /* Polly.swift */; };
		DCB7D2F32198F756CDED1F0B /* Pods_Maxim.framework in Frameworks */ = {isa = PBXBuildFile; fileRef = 1DBE8C37E31D5E428EC8AA9B /* Pods_Maxim.framework */; };
/* End PBXBuildFile section */

/* Begin PBXFileReference section */
		1B4A34A39F7EDD430F19F6F5 /* Pods-Maxim.debug.xcconfig */ = {isa = PBXFileReference; includeInIndex = 1; lastKnownFileType = text.xcconfig; name = "Pods-Maxim.debug.xcconfig"; path = "Target Support Files/Pods-Maxim/Pods-Maxim.debug.xcconfig"; sourceTree = "<group>"; };
		1DBE8C37E31D5E428EC8AA9B /* Pods_Maxim.framework */ = {isa = PBXFileReference; explicitFileType = wrapper.framework; includeInIndex = 0; path = Pods_Maxim.framework; sourceTree = BUILT_PRODUCTS_DIR; };
		2B5438D780DEE7EA650EF500 /* Pods-Maxim.release.xcconfig */ = {isa = PBXFileReference; includeInIndex = 1; lastKnownFileType = text.xcconfig; name = "Pods-Maxim.release.xcconfig"; path = "Target Support Files/Pods-Maxim/Pods-Maxim.release.xcconfig"; sourceTree = "<group>"; };
		62051F0022974DDF00356F10 /* Adapter.swift */ = {isa = PBXFileReference; lastKnownFileType = sourcecode.swift; path = Adapter.swift; sourceTree = "<group>"; };
		621598762280F2200027AAC6 /* Maxim.app */ = {isa = PBXFileReference; explicitFileType = wrapper.application; includeInIndex = 0; path = Maxim.app; sourceTree = BUILT_PRODUCTS_DIR; };
		621598792280F2200027AAC6 /* AppDelegate.swift */ = {isa = PBXFileReference; lastKnownFileType = sourcecode.swift; path = AppDelegate.swift; sourceTree = "<group>"; };
		6215987B2280F2200027AAC6 /* ViewController.swift */ = {isa = PBXFileReference; lastKnownFileType = sourcecode.swift; path = ViewController.swift; sourceTree = "<group>"; };
		6215987D2280F2210027AAC6 /* Assets.xcassets */ = {isa = PBXFileReference; lastKnownFileType = folder.assetcatalog; path = Assets.xcassets; sourceTree = "<group>"; };
		621598802280F2210027AAC6 /* Base */ = {isa = PBXFileReference; lastKnownFileType = file.storyboard; name = Base; path = Base.lproj/Main.storyboard; sourceTree = "<group>"; };
		621598822280F2210027AAC6 /* Info.plist */ = {isa = PBXFileReference; lastKnownFileType = text.plist.xml; path = Info.plist; sourceTree = "<group>"; };
		621598832280F2210027AAC6 /* Maxim.entitlements */ = {isa = PBXFileReference; lastKnownFileType = text.plist.entitlements; path = Maxim.entitlements; sourceTree = "<group>"; };
		625368212299F8260033B5FE /* FileManager+Directory.swift */ = {isa = PBXFileReference; lastKnownFileType = sourcecode.swift; path = "FileManager+Directory.swift"; sourceTree = "<group>"; };
		625368262299FE730033B5FE /* Polly+Language.swift */ = {isa = PBXFileReference; lastKnownFileType = sourcecode.swift; path = "Polly+Language.swift"; sourceTree = "<group>"; };
		625368282299FE8A0033B5FE /* Polly+Voice.swift */ = {isa = PBXFileReference; lastKnownFileType = sourcecode.swift; path = "Polly+Voice.swift"; sourceTree = "<group>"; };
		6253682A2299FE970033B5FE /* Polly+Gender.swift */ = {isa = PBXFileReference; lastKnownFileType = sourcecode.swift; path = "Polly+Gender.swift"; sourceTree = "<group>"; };
		6253682C2299FEAA0033B5FE /* Polly+Output.swift */ = {isa = PBXFileReference; lastKnownFileType = sourcecode.swift; path = "Polly+Output.swift"; sourceTree = "<group>"; };
		6253682E2299FEC70033B5FE /* Polly+Synthesize.swift */ = {isa = PBXFileReference; lastKnownFileType = sourcecode.swift; path = "Polly+Synthesize.swift"; sourceTree = "<group>"; };
		625368302299FEEB0033B5FE /* Polly+Task.swift */ = {isa = PBXFileReference; lastKnownFileType = sourcecode.swift; path = "Polly+Task.swift"; sourceTree = "<group>"; };
		62536833229A01C80033B5FE /* DateFormatter+iso8601Formatter.swift */ = {isa = PBXFileReference; lastKnownFileType = sourcecode.swift; path = "DateFormatter+iso8601Formatter.swift"; sourceTree = "<group>"; };
		62536835229A058D0033B5FE /* Roborock.swift */ = {isa = PBXFileReference; lastKnownFileType = sourcecode.swift; path = Roborock.swift; sourceTree = "<group>"; };
		62536837229A06040033B5FE /* Environment.swift */ = {isa = PBXFileReference; lastKnownFileType = sourcecode.swift; path = Environment.swift; sourceTree = "<group>"; };
		6253683D229A06640033B5FE /* KeyRepresentable.swift */ = {isa = PBXFileReference; fileEncoding = 4; lastKnownFileType = sourcecode.swift; path = KeyRepresentable.swift; sourceTree = "<group>"; };
		62536840229A069C0033B5FE /* BundleProperty.swift */ = {isa = PBXFileReference; lastKnownFileType = sourcecode.swift; path = BundleProperty.swift; sourceTree = "<group>"; };
		62536842229A06D20033B5FE /* KeyStorable.swift */ = {isa = PBXFileReference; lastKnownFileType = sourcecode.swift; path = KeyStorable.swift; sourceTree = "<group>"; };
		62E2452C2280FDDC001BD7F7 /* Polly.swift */ = {isa = PBXFileReference; lastKnownFileType = sourcecode.swift; path = Polly.swift; sourceTree = "<group>"; };
/* End PBXFileReference section */

/* Begin PBXFrameworksBuildPhase section */
		621598732280F2200027AAC6 /* Frameworks */ = {
			isa = PBXFrameworksBuildPhase;
			buildActionMask = 2147483647;
			files = (
				DCB7D2F32198F756CDED1F0B /* Pods_Maxim.framework in Frameworks */,
			);
			runOnlyForDeploymentPostprocessing = 0;
		};
/* End PBXFrameworksBuildPhase section */

/* Begin PBXGroup section */
		6215986D2280F2200027AAC6 = {
			isa = PBXGroup;
			children = (
				621598782280F2200027AAC6 /* Maxim */,
				621598772280F2200027AAC6 /* Products */,
				B27E7728B253259839C81DC8 /* Pods */,
				B908FB25101D76A140E35DF6 /* Frameworks */,
			);
			sourceTree = "<group>";
		};
		621598772280F2200027AAC6 /* Products */ = {
			isa = PBXGroup;
			children = (
				621598762280F2200027AAC6 /* Maxim.app */,
			);
			name = Products;
			sourceTree = "<group>";
		};
		621598782280F2200027AAC6 /* Maxim */ = {
			isa = PBXGroup;
			children = (
				6253683F229A06950033B5FE /* Persistence */,
				62536839229A06120033B5FE /* Protocols */,
				625368322299FFDE0033B5FE /* Extensions */,
				625368252299FE530033B5FE /* Polly */,
				621598792280F2200027AAC6 /* AppDelegate.swift */,
				6215987B2280F2200027AAC6 /* ViewController.swift */,
				6215987D2280F2210027AAC6 /* Assets.xcassets */,
				6215987F2280F2210027AAC6 /* Main.storyboard */,
				621598822280F2210027AAC6 /* Info.plist */,
				621598832280F2210027AAC6 /* Maxim.entitlements */,
				62051F0022974DDF00356F10 /* Adapter.swift */,
				62536835229A058D0033B5FE /* Roborock.swift */,
				62536837229A06040033B5FE /* Environment.swift */,
			);
			path = Maxim;
			sourceTree = "<group>";
		};
		625368252299FE530033B5FE /* Polly */ = {
			isa = PBXGroup;
			children = (
				62E2452C2280FDDC001BD7F7 /* Polly.swift */,
				625368262299FE730033B5FE /* Polly+Language.swift */,
				625368282299FE8A0033B5FE /* Polly+Voice.swift */,
				6253682A2299FE970033B5FE /* Polly+Gender.swift */,
				6253682C2299FEAA0033B5FE /* Polly+Output.swift */,
				6253682E2299FEC70033B5FE /* Polly+Synthesize.swift */,
				625368302299FEEB0033B5FE /* Polly+Task.swift */,
			);
			path = Polly;
			sourceTree = "<group>";
		};
		625368322299FFDE0033B5FE /* Extensions */ = {
			isa = PBXGroup;
			children = (
				625368212299F8260033B5FE /* FileManager+Directory.swift */,
				62536833229A01C80033B5FE /* DateFormatter+iso8601Formatter.swift */,
			);
			path = Extensions;
			sourceTree = "<group>";
		};
		62536839229A06120033B5FE /* Protocols */ = {
			isa = PBXGroup;
			children = (
				6253683D229A06640033B5FE /* KeyRepresentable.swift */,
				62536842229A06D20033B5FE /* KeyStorable.swift */,
			);
			path = Protocols;
			sourceTree = "<group>";
		};
		6253683F229A06950033B5FE /* Persistence */ = {
			isa = PBXGroup;
			children = (
				62536840229A069C0033B5FE /* BundleProperty.swift */,
			);
			path = Persistence;
			sourceTree = "<group>";
		};
		B27E7728B253259839C81DC8 /* Pods */ = {
			isa = PBXGroup;
			children = (
				1B4A34A39F7EDD430F19F6F5 /* Pods-Maxim.debug.xcconfig */,
				2B5438D780DEE7EA650EF500 /* Pods-Maxim.release.xcconfig */,
			);
			path = Pods;
			sourceTree = "<group>";
		};
		B908FB25101D76A140E35DF6 /* Frameworks */ = {
			isa = PBXGroup;
			children = (
				1DBE8C37E31D5E428EC8AA9B /* Pods_Maxim.framework */,
			);
			name = Frameworks;
			sourceTree = "<group>";
		};
/* End PBXGroup section */

/* Begin PBXNativeTarget section */
		621598752280F2200027AAC6 /* Maxim */ = {
			isa = PBXNativeTarget;
			buildConfigurationList = 621598862280F2210027AAC6 /* Build configuration list for PBXNativeTarget "Maxim" */;
			buildPhases = (
				C1B90A220FA6AFDBAC365EEE /* [CP] Check Pods Manifest.lock */,
				621598722280F2200027AAC6 /* Sources */,
				621598732280F2200027AAC6 /* Frameworks */,
				621598742280F2200027AAC6 /* Resources */,
				4E3B983AB3F2C843AF5D552E /* [CP] Embed Pods Frameworks */,
			);
			buildRules = (
			);
			dependencies = (
			);
			name = Maxim;
			productName = Maxim;
			productReference = 621598762280F2200027AAC6 /* Maxim.app */;
			productType = "com.apple.product-type.application";
		};
/* End PBXNativeTarget section */

/* Begin PBXProject section */
		6215986E2280F2200027AAC6 /* Project object */ = {
			isa = PBXProject;
			attributes = {
				LastSwiftUpdateCheck = 1020;
				LastUpgradeCheck = 1020;
				ORGANIZATIONNAME = "Andrew Chersky";
				TargetAttributes = {
					621598752280F2200027AAC6 = {
						CreatedOnToolsVersion = 10.2;
					};
				};
			};
			buildConfigurationList = 621598712280F2200027AAC6 /* Build configuration list for PBXProject "Maxim" */;
			compatibilityVersion = "Xcode 9.3";
			developmentRegion = en;
			hasScannedForEncodings = 0;
			knownRegions = (
				en,
				Base,
			);
			mainGroup = 6215986D2280F2200027AAC6;
			productRefGroup = 621598772280F2200027AAC6 /* Products */;
			projectDirPath = "";
			projectRoot = "";
			targets = (
				621598752280F2200027AAC6 /* Maxim */,
			);
		};
/* End PBXProject section */

/* Begin PBXResourcesBuildPhase section */
		621598742280F2200027AAC6 /* Resources */ = {
			isa = PBXResourcesBuildPhase;
			buildActionMask = 2147483647;
			files = (
				6215987E2280F2210027AAC6 /* Assets.xcassets in Resources */,
				621598812280F2210027AAC6 /* Main.storyboard in Resources */,
			);
			runOnlyForDeploymentPostprocessing = 0;
		};
/* End PBXResourcesBuildPhase section */

/* Begin PBXShellScriptBuildPhase section */
		4E3B983AB3F2C843AF5D552E /* [CP] Embed Pods Frameworks */ = {
			isa = PBXShellScriptBuildPhase;
			buildActionMask = 2147483647;
			files = (
			);
			inputFileListPaths = (
			);
			inputPaths = (
				"${PODS_ROOT}/Target Support Files/Pods-Maxim/Pods-Maxim-frameworks.sh",
				"${BUILT_PRODUCTS_DIR}/Alamofire/Alamofire.framework",
				"${BUILT_PRODUCTS_DIR}/CryptoSwift/CryptoSwift.framework",
			);
			name = "[CP] Embed Pods Frameworks";
			outputFileListPaths = (
			);
			outputPaths = (
				"${TARGET_BUILD_DIR}/${FRAMEWORKS_FOLDER_PATH}/Alamofire.framework",
				"${TARGET_BUILD_DIR}/${FRAMEWORKS_FOLDER_PATH}/CryptoSwift.framework",
			);
			runOnlyForDeploymentPostprocessing = 0;
			shellPath = /bin/sh;
			shellScript = "\"${PODS_ROOT}/Target Support Files/Pods-Maxim/Pods-Maxim-frameworks.sh\"\n";
			showEnvVarsInLog = 0;
		};
		C1B90A220FA6AFDBAC365EEE /* [CP] Check Pods Manifest.lock */ = {
			isa = PBXShellScriptBuildPhase;
			buildActionMask = 2147483647;
			files = (
			);
			inputFileListPaths = (
			);
			inputPaths = (
				"${PODS_PODFILE_DIR_PATH}/Podfile.lock",
				"${PODS_ROOT}/Manifest.lock",
			);
			name = "[CP] Check Pods Manifest.lock";
			outputFileListPaths = (
			);
			outputPaths = (
				"$(DERIVED_FILE_DIR)/Pods-Maxim-checkManifestLockResult.txt",
			);
			runOnlyForDeploymentPostprocessing = 0;
			shellPath = /bin/sh;
			shellScript = "diff \"${PODS_PODFILE_DIR_PATH}/Podfile.lock\" \"${PODS_ROOT}/Manifest.lock\" > /dev/null\nif [ $? != 0 ] ; then\n    # print error to STDERR\n    echo \"error: The sandbox is not in sync with the Podfile.lock. Run 'pod install' or update your CocoaPods installation.\" >&2\n    exit 1\nfi\n# This output is used by Xcode 'outputs' to avoid re-running this script phase.\necho \"SUCCESS\" > \"${SCRIPT_OUTPUT_FILE_0}\"\n";
			showEnvVarsInLog = 0;
		};
/* End PBXShellScriptBuildPhase section */

/* Begin PBXSourcesBuildPhase section */
		621598722280F2200027AAC6 /* Sources */ = {
			isa = PBXSourcesBuildPhase;
			buildActionMask = 2147483647;
			files = (
				625368222299F8260033B5FE /* FileManager+Directory.swift in Sources */,
				6253683E229A06640033B5FE /* KeyRepresentable.swift in Sources */,
				62051F0122974DDF00356F10 /* Adapter.swift in Sources */,
				62536834229A01C80033B5FE /* DateFormatter+iso8601Formatter.swift in Sources */,
				62536838229A06040033B5FE /* Environment.swift in Sources */,
				62536836229A058D0033B5FE /* Roborock.swift in Sources */,
				625368292299FE8A0033B5FE /* Polly+Voice.swift in Sources */,
				62E2452D2280FDDC001BD7F7 /* Polly.swift in Sources */,
				62536843229A06D20033B5FE /* KeyStorable.swift in Sources */,
				6253682D2299FEAA0033B5FE /* Polly+Output.swift in Sources */,
				6253682B2299FE970033B5FE /* Polly+Gender.swift in Sources */,
				6253682F2299FEC70033B5FE /* Polly+Synthesize.swift in Sources */,
				625368272299FE730033B5FE /* Polly+Language.swift in Sources */,
				6215987C2280F2200027AAC6 /* ViewController.swift in Sources */,
				6215987A2280F2200027AAC6 /* AppDelegate.swift in Sources */,
				62536841229A069C0033B5FE /* BundleProperty.swift in Sources */,
				625368312299FEEB0033B5FE /* Polly+Task.swift in Sources */,
			);
			runOnlyForDeploymentPostprocessing = 0;
		};
/* End PBXSourcesBuildPhase section */

/* Begin PBXVariantGroup section */
		6215987F2280F2210027AAC6 /* Main.storyboard */ = {
			isa = PBXVariantGroup;
			children = (
				621598802280F2210027AAC6 /* Base */,
			);
			name = Main.storyboard;
			sourceTree = "<group>";
		};
/* End PBXVariantGroup section */

/* Begin XCBuildConfiguration section */
		621598842280F2210027AAC6 /* Debug */ = {
			isa = XCBuildConfiguration;
			buildSettings = {
				ALWAYS_SEARCH_USER_PATHS = NO;
				CLANG_ANALYZER_NONNULL = YES;
				CLANG_ANALYZER_NUMBER_OBJECT_CONVERSION = YES_AGGRESSIVE;
				CLANG_CXX_LANGUAGE_STANDARD = "gnu++14";
				CLANG_CXX_LIBRARY = "libc++";
				CLANG_ENABLE_MODULES = YES;
				CLANG_ENABLE_OBJC_ARC = YES;
				CLANG_ENABLE_OBJC_WEAK = YES;
				CLANG_WARN_BLOCK_CAPTURE_AUTORELEASING = YES;
				CLANG_WARN_BOOL_CONVERSION = YES;
				CLANG_WARN_COMMA = YES;
				CLANG_WARN_CONSTANT_CONVERSION = YES;
				CLANG_WARN_DEPRECATED_OBJC_IMPLEMENTATIONS = YES;
				CLANG_WARN_DIRECT_OBJC_ISA_USAGE = YES_ERROR;
				CLANG_WARN_DOCUMENTATION_COMMENTS = YES;
				CLANG_WARN_EMPTY_BODY = YES;
				CLANG_WARN_ENUM_CONVERSION = YES;
				CLANG_WARN_INFINITE_RECURSION = YES;
				CLANG_WARN_INT_CONVERSION = YES;
				CLANG_WARN_NON_LITERAL_NULL_CONVERSION = YES;
				CLANG_WARN_OBJC_IMPLICIT_RETAIN_SELF = YES;
				CLANG_WARN_OBJC_LITERAL_CONVERSION = YES;
				CLANG_WARN_OBJC_ROOT_CLASS = YES_ERROR;
				CLANG_WARN_RANGE_LOOP_ANALYSIS = YES;
				CLANG_WARN_STRICT_PROTOTYPES = YES;
				CLANG_WARN_SUSPICIOUS_MOVE = YES;
				CLANG_WARN_UNGUARDED_AVAILABILITY = YES_AGGRESSIVE;
				CLANG_WARN_UNREACHABLE_CODE = YES;
				CLANG_WARN__DUPLICATE_METHOD_MATCH = YES;
				CODE_SIGN_IDENTITY = "Mac Developer";
				COPY_PHASE_STRIP = NO;
				DEBUG_INFORMATION_FORMAT = dwarf;
				ENABLE_STRICT_OBJC_MSGSEND = YES;
				ENABLE_TESTABILITY = YES;
				GCC_C_LANGUAGE_STANDARD = gnu11;
				GCC_DYNAMIC_NO_PIC = NO;
				GCC_NO_COMMON_BLOCKS = YES;
				GCC_OPTIMIZATION_LEVEL = 0;
				GCC_PREPROCESSOR_DEFINITIONS = (
					"DEBUG=1",
					"$(inherited)",
				);
				GCC_WARN_64_TO_32_BIT_CONVERSION = YES;
				GCC_WARN_ABOUT_RETURN_TYPE = YES_ERROR;
				GCC_WARN_UNDECLARED_SELECTOR = YES;
				GCC_WARN_UNINITIALIZED_AUTOS = YES_AGGRESSIVE;
				GCC_WARN_UNUSED_FUNCTION = YES;
				GCC_WARN_UNUSED_VARIABLE = YES;
				MACOSX_DEPLOYMENT_TARGET = 10.14;
				MTL_ENABLE_DEBUG_INFO = INCLUDE_SOURCE;
				MTL_FAST_MATH = YES;
				ONLY_ACTIVE_ARCH = YES;
				SDKROOT = macosx;
				SWIFT_ACTIVE_COMPILATION_CONDITIONS = DEBUG;
				SWIFT_OPTIMIZATION_LEVEL = "-Onone";
			};
			name = Debug;
		};
		621598852280F2210027AAC6 /* Release */ = {
			isa = XCBuildConfiguration;
			buildSettings = {
				ALWAYS_SEARCH_USER_PATHS = NO;
				CLANG_ANALYZER_NONNULL = YES;
				CLANG_ANALYZER_NUMBER_OBJECT_CONVERSION = YES_AGGRESSIVE;
				CLANG_CXX_LANGUAGE_STANDARD = "gnu++14";
				CLANG_CXX_LIBRARY = "libc++";
				CLANG_ENABLE_MODULES = YES;
				CLANG_ENABLE_OBJC_ARC = YES;
				CLANG_ENABLE_OBJC_WEAK = YES;
				CLANG_WARN_BLOCK_CAPTURE_AUTORELEASING = YES;
				CLANG_WARN_BOOL_CONVERSION = YES;
				CLANG_WARN_COMMA = YES;
				CLANG_WARN_CONSTANT_CONVERSION = YES;
				CLANG_WARN_DEPRECATED_OBJC_IMPLEMENTATIONS = YES;
				CLANG_WARN_DIRECT_OBJC_ISA_USAGE = YES_ERROR;
				CLANG_WARN_DOCUMENTATION_COMMENTS = YES;
				CLANG_WARN_EMPTY_BODY = YES;
				CLANG_WARN_ENUM_CONVERSION = YES;
				CLANG_WARN_INFINITE_RECURSION = YES;
				CLANG_WARN_INT_CONVERSION = YES;
				CLANG_WARN_NON_LITERAL_NULL_CONVERSION = YES;
				CLANG_WARN_OBJC_IMPLICIT_RETAIN_SELF = YES;
				CLANG_WARN_OBJC_LITERAL_CONVERSION = YES;
				CLANG_WARN_OBJC_ROOT_CLASS = YES_ERROR;
				CLANG_WARN_RANGE_LOOP_ANALYSIS = YES;
				CLANG_WARN_STRICT_PROTOTYPES = YES;
				CLANG_WARN_SUSPICIOUS_MOVE = YES;
				CLANG_WARN_UNGUARDED_AVAILABILITY = YES_AGGRESSIVE;
				CLANG_WARN_UNREACHABLE_CODE = YES;
				CLANG_WARN__DUPLICATE_METHOD_MATCH = YES;
				CODE_SIGN_IDENTITY = "Mac Developer";
				COPY_PHASE_STRIP = NO;
				DEBUG_INFORMATION_FORMAT = "dwarf-with-dsym";
				ENABLE_NS_ASSERTIONS = NO;
				ENABLE_STRICT_OBJC_MSGSEND = YES;
				GCC_C_LANGUAGE_STANDARD = gnu11;
				GCC_NO_COMMON_BLOCKS = YES;
				GCC_WARN_64_TO_32_BIT_CONVERSION = YES;
				GCC_WARN_ABOUT_RETURN_TYPE = YES_ERROR;
				GCC_WARN_UNDECLARED_SELECTOR = YES;
				GCC_WARN_UNINITIALIZED_AUTOS = YES_AGGRESSIVE;
				GCC_WARN_UNUSED_FUNCTION = YES;
				GCC_WARN_UNUSED_VARIABLE = YES;
				MACOSX_DEPLOYMENT_TARGET = 10.14;
				MTL_ENABLE_DEBUG_INFO = NO;
				MTL_FAST_MATH = YES;
				SDKROOT = macosx;
				SWIFT_COMPILATION_MODE = wholemodule;
				SWIFT_OPTIMIZATION_LEVEL = "-O";
			};
			name = Release;
		};
		621598872280F2210027AAC6 /* Debug */ = {
			isa = XCBuildConfiguration;
			baseConfigurationReference = 1B4A34A39F7EDD430F19F6F5 /* Pods-Maxim.debug.xcconfig */;
			buildSettings = {
				ASSETCATALOG_COMPILER_APPICON_NAME = AppIcon;
				CODE_SIGN_ENTITLEMENTS = Maxim/Maxim.entitlements;
				CODE_SIGN_STYLE = Automatic;
				COMBINE_HIDPI_IMAGES = YES;
				DEVELOPMENT_TEAM = W6RMDF3HTL;
				INFOPLIST_FILE = Maxim/Info.plist;
				LD_RUNPATH_SEARCH_PATHS = (
					"$(inherited)",
					"@executable_path/../Frameworks",
				);
				PRODUCT_BUNDLE_IDENTIFIER = com.Maxim;
				PRODUCT_NAME = "$(TARGET_NAME)";
				SWIFT_VERSION = 5.0;
			};
			name = Debug;
		};
		621598882280F2210027AAC6 /* Release */ = {
			isa = XCBuildConfiguration;
			baseConfigurationReference = 2B5438D780DEE7EA650EF500 /* Pods-Maxim.release.xcconfig */;
			buildSettings = {
				ASSETCATALOG_COMPILER_APPICON_NAME = AppIcon;
				CODE_SIGN_ENTITLEMENTS = Maxim/Maxim.entitlements;
				CODE_SIGN_STYLE = Automatic;
				COMBINE_HIDPI_IMAGES = YES;
				DEVELOPMENT_TEAM = W6RMDF3HTL;
				INFOPLIST_FILE = Maxim/Info.plist;
				LD_RUNPATH_SEARCH_PATHS = (
					"$(inherited)",
					"@executable_path/../Frameworks",
				);
				PRODUCT_BUNDLE_IDENTIFIER = com.Maxim;
				PRODUCT_NAME = "$(TARGET_NAME)";
				SWIFT_VERSION = 5.0;
			};
			name = Release;
		};
/* End XCBuildConfiguration section */

/* Begin XCConfigurationList section */
		621598712280F2200027AAC6 /* Build configuration list for PBXProject "Maxim" */ = {
			isa = XCConfigurationList;
			buildConfigurations = (
				621598842280F2210027AAC6 /* Debug */,
				621598852280F2210027AAC6 /* Release */,
			);
			defaultConfigurationIsVisible = 0;
			defaultConfigurationName = Release;
		};
		621598862280F2210027AAC6 /* Build configuration list for PBXNativeTarget "Maxim" */ = {
			isa = XCConfigurationList;
			buildConfigurations = (
				621598872280F2210027AAC6 /* Debug */,
				621598882280F2210027AAC6 /* Release */,
			);
			defaultConfigurationIsVisible = 0;
			defaultConfigurationName = Release;
		};
/* End XCConfigurationList section */
	};
	rootObject = 6215986E2280F2200027AAC6 /* Project object */;
}
